
Microsoft Visual Studio Solution File, Format Version 12.00
# Visual Studio Version 17
VisualStudioVersion = 17.5.33516.290
MinimumVisualStudioVersion = 10.0.40219.1
Project("{9A19103F-16F7-4668-BE54-9A1E7A4F7556}") = "Northwind.Web", "Northwind.Web\Northwind.Web.csproj", "{917BA270-8AF6-43DA-9402-E32926AB8E0D}"
EndProject
Project("{9A19103F-16F7-4668-BE54-9A1E7A4F7556}") = "Northwind.Database", "Northwind.Database\Northwind.Database.csproj", "{3F816198-E2A8-413C-8C61-31A48468742C}"
EndProject
Project("{9A19103F-16F7-4668-BE54-9A1E7A4F7556}") = "Northwind.Tests", "Northwind.Tests\Northwind.Tests.csproj", "{916A8A86-22A1-40E7-BBA5-E3313A8D063F}"
EndProject
Project("{9A19103F-16F7-4668-BE54-9A1E7A4F7556}") = "Northwind.ConsoleApp", "Northwind.Console\Northwind.ConsoleApp.csproj", "{B0D74B24-1545-40FA-853E-484295884964}"
EndProject
Project("{9A19103F-16F7-4668-BE54-9A1E7A4F7556}") = "Northwind.Api", "Northwind.Api.csproj", "{AC00FA48-58A0-48B7-A4BD-A269B1D3740C}"
EndProject
Global
	GlobalSection(SolutionConfigurationPlatforms) = preSolution
		Debug|Any CPU = Debug|Any CPU
		Release|Any CPU = Release|Any CPU
	EndGlobalSection
	GlobalSection(ProjectConfigurationPlatforms) = postSolution
		{917BA270-8AF6-43DA-9402-E32926AB8E0D}.Debug|Any CPU.ActiveCfg = Debug|Any CPU
		{917BA270-8AF6-43DA-9402-E32926AB8E0D}.Debug|Any CPU.Build.0 = Debug|Any CPU
		{917BA270-8AF6-43DA-9402-E32926AB8E0D}.Release|Any CPU.ActiveCfg = Release|Any CPU
		{917BA270-8AF6-43DA-9402-E32926AB8E0D}.Release|Any CPU.Build.0 = Release|Any CPU
		{3F816198-E2A8-413C-8C61-31A48468742C}.Debug|Any CPU.ActiveCfg = Debug|Any CPU
		{3F816198-E2A8-413C-8C61-31A48468742C}.Debug|Any CPU.Build.0 = Debug|Any CPU
		{3F816198-E2A8-413C-8C61-31A48468742C}.Release|Any CPU.ActiveCfg = Release|Any CPU
		{3F816198-E2A8-413C-8C61-31A48468742C}.Release|Any CPU.Build.0 = Release|Any CPU
		{916A8A86-22A1-40E7-BBA5-E3313A8D063F}.Debug|Any CPU.ActiveCfg = Debug|Any CPU
		{916A8A86-22A1-40E7-BBA5-E3313A8D063F}.Debug|Any CPU.Build.0 = Debug|Any CPU
		{916A8A86-22A1-40E7-BBA5-E3313A8D063F}.Release|Any CPU.ActiveCfg = Release|Any CPU
		{916A8A86-22A1-40E7-BBA5-E3313A8D063F}.Release|Any CPU.Build.0 = Release|Any CPU
		{B0D74B24-1545-40FA-853E-484295884964}.Debug|Any CPU.ActiveCfg = Debug|Any CPU
		{B0D74B24-1545-40FA-853E-484295884964}.Debug|Any CPU.Build.0 = Debug|Any CPU
		{B0D74B24-1545-40FA-853E-484295884964}.Release|Any CPU.ActiveCfg = Release|Any CPU
		{B0D74B24-1545-40FA-853E-484295884964}.Release|Any CPU.Build.0 = Release|Any CPU
		{AC00FA48-58A0-48B7-A4BD-A269B1D3740C}.Debug|Any CPU.ActiveCfg = Debug|Any CPU
		{AC00FA48-58A0-48B7-A4BD-A269B1D3740C}.Debug|Any CPU.Build.0 = Debug|Any CPU
		{AC00FA48-58A0-48B7-A4BD-A269B1D3740C}.Release|Any CPU.ActiveCfg = Release|Any CPU
		{AC00FA48-58A0-48B7-A4BD-A269B1D3740C}.Release|Any CPU.Build.0 = Release|Any CPU
	EndGlobalSection
	GlobalSection(SolutionProperties) = preSolution
		HideSolutionNode = FALSE
	EndGlobalSection
	GlobalSection(ExtensibilityGlobals) = postSolution
		SolutionGuid = {8DDE4821-1184-4BF1-B2B1-26CEF84F53D4}
	EndGlobalSection
EndGlobal
